
Microsoft Visual Studio Solution File, Format Version 12.00
# Visual Studio Version 17
VisualStudioVersion = 17.5.002.0
MinimumVisualStudioVersion = 10.0.40219.1
Project("{2150E333-8FDC-42A3-9474-1A3956D46DE8}") = "src", "src", "{7D10F8DF-3BEE-4222-9EBC-6278271A1D50}"
EndProject
Project("{9A19103F-16F7-4668-BE54-9A1E7A4F7556}") = "1_IdentityServer", "src\1_IdentityServer\1_IdentityServer.csproj", "{7CCBADBF-77AD-4C18-B287-C0B60F3D1750}"
EndProject
Project("{9A19103F-16F7-4668-BE54-9A1E7A4F7556}") = "1_WebClient", "src\1_WebClient\1_WebClient.csproj", "{383547D6-49F4-46CD-928C-31BEA2FA43DE}"
EndProject
Project("{9A19103F-16F7-4668-BE54-9A1E7A4F7556}") = "2_IdentityServer", "src\2_IdentityServer\2_IdentityServer.csproj", "{18386232-6E59-459E-8A5C-EF29B013BC6C}"
EndProject
Project("{9A19103F-16F7-4668-BE54-9A1E7A4F7556}") = "2_WebClient", "src\2_WebClient\2_WebClient.csproj", "{C0865553-79D3-4E4F-BF30-85476E66C353}"
EndProject
Project("{9A19103F-16F7-4668-BE54-9A1E7A4F7556}") = "SSO_Identity_Server", "src\SSO_Identity_Server\SSO_Identity_Server.csproj", "{2480A303-27A2-4D6D-A4B2-4B718BE8508D}"
EndProject
Global
	GlobalSection(SolutionConfigurationPlatforms) = preSolution
		Debug|Any CPU = Debug|Any CPU
		Release|Any CPU = Release|Any CPU
	EndGlobalSection
	GlobalSection(ProjectConfigurationPlatforms) = postSolution
		{7CCBADBF-77AD-4C18-B287-C0B60F3D1750}.Debug|Any CPU.ActiveCfg = Debug|Any CPU
		{7CCBADBF-77AD-4C18-B287-C0B60F3D1750}.Debug|Any CPU.Build.0 = Debug|Any CPU
		{7CCBADBF-77AD-4C18-B287-C0B60F3D1750}.Release|Any CPU.ActiveCfg = Release|Any CPU
		{7CCBADBF-77AD-4C18-B287-C0B60F3D1750}.Release|Any CPU.Build.0 = Release|Any CPU
		{383547D6-49F4-46CD-928C-31BEA2FA43DE}.Debug|Any CPU.ActiveCfg = Debug|Any CPU
		{383547D6-49F4-46CD-928C-31BEA2FA43DE}.Debug|Any CPU.Build.0 = Debug|Any CPU
		{383547D6-49F4-46CD-928C-31BEA2FA43DE}.Release|Any CPU.ActiveCfg = Release|Any CPU
		{383547D6-49F4-46CD-928C-31BEA2FA43DE}.Release|Any CPU.Build.0 = Release|Any CPU
		{18386232-6E59-459E-8A5C-EF29B013BC6C}.Debug|Any CPU.ActiveCfg = Debug|Any CPU
		{18386232-6E59-459E-8A5C-EF29B013BC6C}.Debug|Any CPU.Build.0 = Debug|Any CPU
		{18386232-6E59-459E-8A5C-EF29B013BC6C}.Release|Any CPU.ActiveCfg = Release|Any CPU
		{18386232-6E59-459E-8A5C-EF29B013BC6C}.Release|Any CPU.Build.0 = Release|Any CPU
		{C0865553-79D3-4E4F-BF30-85476E66C353}.Debug|Any CPU.ActiveCfg = Debug|Any CPU
		{C0865553-79D3-4E4F-BF30-85476E66C353}.Debug|Any CPU.Build.0 = Debug|Any CPU
		{C0865553-79D3-4E4F-BF30-85476E66C353}.Release|Any CPU.ActiveCfg = Release|Any CPU
		{C0865553-79D3-4E4F-BF30-85476E66C353}.Release|Any CPU.Build.0 = Release|Any CPU
		{2480A303-27A2-4D6D-A4B2-4B718BE8508D}.Debug|Any CPU.ActiveCfg = Debug|Any CPU
		{2480A303-27A2-4D6D-A4B2-4B718BE8508D}.Debug|Any CPU.Build.0 = Debug|Any CPU
		{2480A303-27A2-4D6D-A4B2-4B718BE8508D}.Release|Any CPU.ActiveCfg = Release|Any CPU
		{2480A303-27A2-4D6D-A4B2-4B718BE8508D}.Release|Any CPU.Build.0 = Release|Any CPU
	EndGlobalSection
	GlobalSection(SolutionProperties) = preSolution
		HideSolutionNode = FALSE
	EndGlobalSection
	GlobalSection(NestedProjects) = preSolution
		{7CCBADBF-77AD-4C18-B287-C0B60F3D1750} = {7D10F8DF-3BEE-4222-9EBC-6278271A1D50}
		{383547D6-49F4-46CD-928C-31BEA2FA43DE} = {7D10F8DF-3BEE-4222-9EBC-6278271A1D50}
		{18386232-6E59-459E-8A5C-EF29B013BC6C} = {7D10F8DF-3BEE-4222-9EBC-6278271A1D50}
		{C0865553-79D3-4E4F-BF30-85476E66C353} = {7D10F8DF-3BEE-4222-9EBC-6278271A1D50}
		{2480A303-27A2-4D6D-A4B2-4B718BE8508D} = {7D10F8DF-3BEE-4222-9EBC-6278271A1D50}
	EndGlobalSection
	GlobalSection(ExtensibilityGlobals) = postSolution
		SolutionGuid = {9AFCF2D1-2E6A-4735-9C1D-E53EDCCC74C8}
	EndGlobalSection
EndGlobal
